// !$*UTF8*$!
{
	archiveVersion = 1;
	classes = {
	};
	objectVersion = 50;
	objects = {

/* Begin PBXBuildFile section */
		CA1C22E72459FF11000CE6F9 /* AppDelegate.swift in Sources */ = {isa = PBXBuildFile; fileRef = CA1C22E62459FF11000CE6F9 /* AppDelegate.swift */; };
		CA1C22E92459FF11000CE6F9 /* SceneDelegate.swift in Sources */ = {isa = PBXBuildFile; fileRef = CA1C22E82459FF11000CE6F9 /* SceneDelegate.swift */; };
		CA1C22EB2459FF11000CE6F9 /* ContentView.swift in Sources */ = {isa = PBXBuildFile; fileRef = CA1C22EA2459FF11000CE6F9 /* ContentView.swift */; };
		CA1C22ED2459FF18000CE6F9 /* Assets.xcassets in Resources */ = {isa = PBXBuildFile; fileRef = CA1C22EC2459FF18000CE6F9 /* Assets.xcassets */; };
		CA1C22F02459FF18000CE6F9 /* Preview Assets.xcassets in Resources */ = {isa = PBXBuildFile; fileRef = CA1C22EF2459FF18000CE6F9 /* Preview Assets.xcassets */; };
		CA1C22F32459FF18000CE6F9 /* LaunchScreen.storyboard in Resources */ = {isa = PBXBuildFile; fileRef = CA1C22F12459FF18000CE6F9 /* LaunchScreen.storyboard */; };
		CA1C2308245A018A000CE6F9 /* VisionController.swift in Sources */ = {isa = PBXBuildFile; fileRef = CA1C2307245A018A000CE6F9 /* VisionController.swift */; };
		CAA2A9DC245EB2DE00F0BDC3 /* ViewController.swift in Sources */ = {isa = PBXBuildFile; fileRef = CAA2A9D9245EB2DE00F0BDC3 /* ViewController.swift */; };
		CAA2A9DD245EB2DE00F0BDC3 /* ObjectDetector.mlmodel in Sources */ = {isa = PBXBuildFile; fileRef = CAA2A9DA245EB2DE00F0BDC3 /* ObjectDetector.mlmodel */; };
		CAA2A9DE245EB2DE00F0BDC3 /* VisionObjectRecognitionViewController.swift in Sources */ = {isa = PBXBuildFile; fileRef = CAA2A9DB245EB2DE00F0BDC3 /* VisionObjectRecognitionViewController.swift */; };
		CAA2A9E1245EB30A00F0BDC3 /* Main.storyboard in Resources */ = {isa = PBXBuildFile; fileRef = CAA2A9DF245EB30A00F0BDC3 /* Main.storyboard */; };
/* End PBXBuildFile section */

/* Begin PBXFileReference section */
		CA1C22E32459FF11000CE6F9 /* P2B.app */ = {isa = PBXFileReference; explicitFileType = wrapper.application; includeInIndex = 0; path = P2B.app; sourceTree = BUILT_PRODUCTS_DIR; };
		CA1C22E62459FF11000CE6F9 /* AppDelegate.swift */ = {isa = PBXFileReference; lastKnownFileType = sourcecode.swift; path = AppDelegate.swift; sourceTree = "<group>"; };
		CA1C22E82459FF11000CE6F9 /* SceneDelegate.swift */ = {isa = PBXFileReference; lastKnownFileType = sourcecode.swift; path = SceneDelegate.swift; sourceTree = "<group>"; };
		CA1C22EA2459FF11000CE6F9 /* ContentView.swift */ = {isa = PBXFileReference; lastKnownFileType = sourcecode.swift; path = ContentView.swift; sourceTree = "<group>"; };
		CA1C22EC2459FF18000CE6F9 /* Assets.xcassets */ = {isa = PBXFileReference; lastKnownFileType = folder.assetcatalog; path = Assets.xcassets; sourceTree = "<group>"; };
		CA1C22EF2459FF18000CE6F9 /* Preview Assets.xcassets */ = {isa = PBXFileReference; lastKnownFileType = folder.assetcatalog; path = "Preview Assets.xcassets"; sourceTree = "<group>"; };
		CA1C22F22459FF18000CE6F9 /* Base */ = {isa = PBXFileReference; lastKnownFileType = file.storyboard; name = Base; path = Base.lproj/LaunchScreen.storyboard; sourceTree = "<group>"; };
		CA1C22F42459FF18000CE6F9 /* Info.plist */ = {isa = PBXFileReference; lastKnownFileType = text.plist.xml; path = Info.plist; sourceTree = "<group>"; };
		CA1C2307245A018A000CE6F9 /* VisionController.swift */ = {isa = PBXFileReference; lastKnownFileType = sourcecode.swift; path = VisionController.swift; sourceTree = "<group>"; };
		CAA2A9D9245EB2DE00F0BDC3 /* ViewController.swift */ = {isa = PBXFileReference; fileEncoding = 4; lastKnownFileType = sourcecode.swift; name = ViewController.swift; path = ../../../Downloads/RecognizingObjectsInLiveCapture/BreakfastFinder/ViewController.swift; sourceTree = "<group>"; };
		CAA2A9DA245EB2DE00F0BDC3 /* ObjectDetector.mlmodel */ = {isa = PBXFileReference; lastKnownFileType = file.mlmodel; name = ObjectDetector.mlmodel; path = ../../../Downloads/RecognizingObjectsInLiveCapture/BreakfastFinder/ObjectDetector.mlmodel; sourceTree = "<group>"; };
		CAA2A9DB245EB2DE00F0BDC3 /* VisionObjectRecognitionViewController.swift */ = {isa = PBXFileReference; fileEncoding = 4; lastKnownFileType = sourcecode.swift; name = VisionObjectRecognitionViewController.swift; path = ../../../Downloads/RecognizingObjectsInLiveCapture/BreakfastFinder/VisionObjectRecognitionViewController.swift; sourceTree = "<group>"; };
		CAA2A9E0245EB30A00F0BDC3 /* Base */ = {isa = PBXFileReference; lastKnownFileType = file.storyboard; name = Base; path = ../../../Downloads/RecognizingObjectsInLiveCapture/BreakfastFinder/Base.lproj/Main.storyboard; sourceTree = "<group>"; };
/* End PBXFileReference section */

/* Begin PBXFrameworksBuildPhase section */
		CA1C22E02459FF11000CE6F9 /* Frameworks */ = {
			isa = PBXFrameworksBuildPhase;
			buildActionMask = 2147483647;
			files = (
			);
			runOnlyForDeploymentPostprocessing = 0;
		};
/* End PBXFrameworksBuildPhase section */

/* Begin PBXGroup section */
		CA1C22DA2459FF11000CE6F9 = {
			isa = PBXGroup;
			children = (
				CA1C22E52459FF11000CE6F9 /* P2B */,
				CA1C22E42459FF11000CE6F9 /* Products */,
			);
			sourceTree = "<group>";
		};
		CA1C22E42459FF11000CE6F9 /* Products */ = {
			isa = PBXGroup;
			children = (
				CA1C22E32459FF11000CE6F9 /* P2B.app */,
			);
			name = Products;
			sourceTree = "<group>";
		};
		CA1C22E52459FF11000CE6F9 /* P2B */ = {
			isa = PBXGroup;
			children = (
				CAA2A9DF245EB30A00F0BDC3 /* Main.storyboard */,
				CAA2A9DA245EB2DE00F0BDC3 /* ObjectDetector.mlmodel */,
				CAA2A9D9245EB2DE00F0BDC3 /* ViewController.swift */,
				CAA2A9DB245EB2DE00F0BDC3 /* VisionObjectRecognitionViewController.swift */,
				CA1C22E62459FF11000CE6F9 /* AppDelegate.swift */,
				CA1C22E82459FF11000CE6F9 /* SceneDelegate.swift */,
				CA1C22EA2459FF11000CE6F9 /* ContentView.swift */,
				CA1C22EC2459FF18000CE6F9 /* Assets.xcassets */,
				CA1C22F12459FF18000CE6F9 /* LaunchScreen.storyboard */,
				CA1C22F42459FF18000CE6F9 /* Info.plist */,
				CA1C22EE2459FF18000CE6F9 /* Preview Content */,
				CA1C2307245A018A000CE6F9 /* VisionController.swift */,
			);
			path = P2B;
			sourceTree = "<group>";
		};
		CA1C22EE2459FF18000CE6F9 /* Preview Content */ = {
			isa = PBXGroup;
			children = (
				CA1C22EF2459FF18000CE6F9 /* Preview Assets.xcassets */,
			);
			path = "Preview Content";
			sourceTree = "<group>";
		};
/* End PBXGroup section */

/* Begin PBXNativeTarget section */
		CA1C22E22459FF11000CE6F9 /* P2B */ = {
			isa = PBXNativeTarget;
			buildConfigurationList = CA1C22F72459FF18000CE6F9 /* Build configuration list for PBXNativeTarget "P2B" */;
			buildPhases = (
				CA1C22DF2459FF11000CE6F9 /* Sources */,
				CA1C22E02459FF11000CE6F9 /* Frameworks */,
				CA1C22E12459FF11000CE6F9 /* Resources */,
			);
			buildRules = (
			);
			dependencies = (
			);
			name = P2B;
			productName = P2B;
			productReference = CA1C22E32459FF11000CE6F9 /* P2B.app */;
			productType = "com.apple.product-type.application";
		};
/* End PBXNativeTarget section */

/* Begin PBXProject section */
		CA1C22DB2459FF11000CE6F9 /* Project object */ = {
			isa = PBXProject;
			attributes = {
				LastSwiftUpdateCheck = 1140;
				LastUpgradeCheck = 1140;
				ORGANIZATIONNAME = "Кристина Перегудова";
				TargetAttributes = {
					CA1C22E22459FF11000CE6F9 = {
						CreatedOnToolsVersion = 11.4;
					};
				};
			};
			buildConfigurationList = CA1C22DE2459FF11000CE6F9 /* Build configuration list for PBXProject "P2B" */;
			compatibilityVersion = "Xcode 9.3";
			developmentRegion = en;
			hasScannedForEncodings = 0;
			knownRegions = (
				en,
				Base,
			);
			mainGroup = CA1C22DA2459FF11000CE6F9;
			productRefGroup = CA1C22E42459FF11000CE6F9 /* Products */;
			projectDirPath = "";
			projectRoot = "";
			targets = (
				CA1C22E22459FF11000CE6F9 /* P2B */,
			);
		};
/* End PBXProject section */

/* Begin PBXResourcesBuildPhase section */
		CA1C22E12459FF11000CE6F9 /* Resources */ = {
			isa = PBXResourcesBuildPhase;
			buildActionMask = 2147483647;
			files = (
				CA1C22F32459FF18000CE6F9 /* LaunchScreen.storyboard in Resources */,
				CA1C22F02459FF18000CE6F9 /* Preview Assets.xcassets in Resources */,
				CA1C22ED2459FF18000CE6F9 /* Assets.xcassets in Resources */,
				CAA2A9E1245EB30A00F0BDC3 /* Main.storyboard in Resources */,
			);
			runOnlyForDeploymentPostprocessing = 0;
		};
/* End PBXResourcesBuildPhase section */

/* Begin PBXSourcesBuildPhase section */
		CA1C22DF2459FF11000CE6F9 /* Sources */ = {
			isa = PBXSourcesBuildPhase;
			buildActionMask = 2147483647;
			files = (
				CAA2A9DC245EB2DE00F0BDC3 /* ViewController.swift in Sources */,
				CA1C22E72459FF11000CE6F9 /* AppDelegate.swift in Sources */,
				CA1C22E92459FF11000CE6F9 /* SceneDelegate.swift in Sources */,
				CAA2A9DD245EB2DE00F0BDC3 /* ObjectDetector.mlmodel in Sources */,
				CA1C22EB2459FF11000CE6F9 /* ContentView.swift in Sources */,
				CA1C2308245A018A000CE6F9 /* VisionController.swift in Sources */,
				CAA2A9DE245EB2DE00F0BDC3 /* VisionObjectRecognitionViewController.swift in Sources */,
			);
			runOnlyForDeploymentPostprocessing = 0;
		};
/* End PBXSourcesBuildPhase section */

/* Begin PBXVariantGroup section */
		CA1C22F12459FF18000CE6F9 /* LaunchScreen.storyboard */ = {
			isa = PBXVariantGroup;
			children = (
				CA1C22F22459FF18000CE6F9 /* Base */,
			);
			name = LaunchScreen.storyboard;
			sourceTree = "<group>";
		};
		CAA2A9DF245EB30A00F0BDC3 /* Main.storyboard */ = {
			isa = PBXVariantGroup;
			children = (
				CAA2A9E0245EB30A00F0BDC3 /* Base */,
			);
			name = Main.storyboard;
			sourceTree = "<group>";
		};
/* End PBXVariantGroup section */

/* Begin XCBuildConfiguration section */
		CA1C22F52459FF18000CE6F9 /* Debug */ = {
			isa = XCBuildConfiguration;
			buildSettings = {
				ALWAYS_SEARCH_USER_PATHS = NO;
				CLANG_ANALYZER_NONNULL = YES;
				CLANG_ANALYZER_NUMBER_OBJECT_CONVERSION = YES_AGGRESSIVE;
				CLANG_CXX_LANGUAGE_STANDARD = "gnu++14";
				CLANG_CXX_LIBRARY = "libc++";
				CLANG_ENABLE_MODULES = YES;
				CLANG_ENABLE_OBJC_ARC = YES;
				CLANG_ENABLE_OBJC_WEAK = YES;
				CLANG_WARN_BLOCK_CAPTURE_AUTORELEASING = YES;
				CLANG_WARN_BOOL_CONVERSION = YES;
				CLANG_WARN_COMMA = YES;
				CLANG_WARN_CONSTANT_CONVERSION = YES;
				CLANG_WARN_DEPRECATED_OBJC_IMPLEMENTATIONS = YES;
				CLANG_WARN_DIRECT_OBJC_ISA_USAGE = YES_ERROR;
				CLANG_WARN_DOCUMENTATION_COMMENTS = YES;
				CLANG_WARN_EMPTY_BODY = YES;
				CLANG_WARN_ENUM_CONVERSION = YES;
				CLANG_WARN_INFINITE_RECURSION = YES;
				CLANG_WARN_INT_CONVERSION = YES;
				CLANG_WARN_NON_LITERAL_NULL_CONVERSION = YES;
				CLANG_WARN_OBJC_IMPLICIT_RETAIN_SELF = YES;
				CLANG_WARN_OBJC_LITERAL_CONVERSION = YES;
				CLANG_WARN_OBJC_ROOT_CLASS = YES_ERROR;
				CLANG_WARN_RANGE_LOOP_ANALYSIS = YES;
				CLANG_WARN_STRICT_PROTOTYPES = YES;
				CLANG_WARN_SUSPICIOUS_MOVE = YES;
				CLANG_WARN_UNGUARDED_AVAILABILITY = YES_AGGRESSIVE;
				CLANG_WARN_UNREACHABLE_CODE = YES;
				CLANG_WARN__DUPLICATE_METHOD_MATCH = YES;
				COPY_PHASE_STRIP = NO;
				DEBUG_INFORMATION_FORMAT = dwarf;
				ENABLE_STRICT_OBJC_MSGSEND = YES;
				ENABLE_TESTABILITY = YES;
				GCC_C_LANGUAGE_STANDARD = gnu11;
				GCC_DYNAMIC_NO_PIC = NO;
				GCC_NO_COMMON_BLOCKS = YES;
				GCC_OPTIMIZATION_LEVEL = 0;
				GCC_PREPROCESSOR_DEFINITIONS = (
					"DEBUG=1",
					"$(inherited)",
				);
				GCC_WARN_64_TO_32_BIT_CONVERSION = YES;
				GCC_WARN_ABOUT_RETURN_TYPE = YES_ERROR;
				GCC_WARN_UNDECLARED_SELECTOR = YES;
				GCC_WARN_UNINITIALIZED_AUTOS = YES_AGGRESSIVE;
				GCC_WARN_UNUSED_FUNCTION = YES;
				GCC_WARN_UNUSED_VARIABLE = YES;
				IPHONEOS_DEPLOYMENT_TARGET = 13.4;
				MTL_ENABLE_DEBUG_INFO = INCLUDE_SOURCE;
				MTL_FAST_MATH = YES;
				ONLY_ACTIVE_ARCH = YES;
				SDKROOT = iphoneos;
				SWIFT_ACTIVE_COMPILATION_CONDITIONS = DEBUG;
				SWIFT_OPTIMIZATION_LEVEL = "-Onone";
			};
			name = Debug;
		};
		CA1C22F62459FF18000CE6F9 /* Release */ = {
			isa = XCBuildConfiguration;
			buildSettings = {
				ALWAYS_SEARCH_USER_PATHS = NO;
				CLANG_ANALYZER_NONNULL = YES;
				CLANG_ANALYZER_NUMBER_OBJECT_CONVERSION = YES_AGGRESSIVE;
				CLANG_CXX_LANGUAGE_STANDARD = "gnu++14";
				CLANG_CXX_LIBRARY = "libc++";
				CLANG_ENABLE_MODULES = YES;
				CLANG_ENABLE_OBJC_ARC = YES;
				CLANG_ENABLE_OBJC_WEAK = YES;
				CLANG_WARN_BLOCK_CAPTURE_AUTORELEASING = YES;
				CLANG_WARN_BOOL_CONVERSION = YES;
				CLANG_WARN_COMMA = YES;
				CLANG_WARN_CONSTANT_CONVERSION = YES;
				CLANG_WARN_DEPRECATED_OBJC_IMPLEMENTATIONS = YES;
				CLANG_WARN_DIRECT_OBJC_ISA_USAGE = YES_ERROR;
				CLANG_WARN_DOCUMENTATION_COMMENTS = YES;
				CLANG_WARN_EMPTY_BODY = YES;
				CLANG_WARN_ENUM_CONVERSION = YES;
				CLANG_WARN_INFINITE_RECURSION = YES;
				CLANG_WARN_INT_CONVERSION = YES;
				CLANG_WARN_NON_LITERAL_NULL_CONVERSION = YES;
				CLANG_WARN_OBJC_IMPLICIT_RETAIN_SELF = YES;
				CLANG_WARN_OBJC_LITERAL_CONVERSION = YES;
				CLANG_WARN_OBJC_ROOT_CLASS = YES_ERROR;
				CLANG_WARN_RANGE_LOOP_ANALYSIS = YES;
				CLANG_WARN_STRICT_PROTOTYPES = YES;
				CLANG_WARN_SUSPICIOUS_MOVE = YES;
				CLANG_WARN_UNGUARDED_AVAILABILITY = YES_AGGRESSIVE;
				CLANG_WARN_UNREACHABLE_CODE = YES;
				CLANG_WARN__DUPLICATE_METHOD_MATCH = YES;
				COPY_PHASE_STRIP = NO;
				DEBUG_INFORMATION_FORMAT = "dwarf-with-dsym";
				ENABLE_NS_ASSERTIONS = NO;
				ENABLE_STRICT_OBJC_MSGSEND = YES;
				GCC_C_LANGUAGE_STANDARD = gnu11;
				GCC_NO_COMMON_BLOCKS = YES;
				GCC_WARN_64_TO_32_BIT_CONVERSION = YES;
				GCC_WARN_ABOUT_RETURN_TYPE = YES_ERROR;
				GCC_WARN_UNDECLARED_SELECTOR = YES;
				GCC_WARN_UNINITIALIZED_AUTOS = YES_AGGRESSIVE;
				GCC_WARN_UNUSED_FUNCTION = YES;
				GCC_WARN_UNUSED_VARIABLE = YES;
				IPHONEOS_DEPLOYMENT_TARGET = 13.4;
				MTL_ENABLE_DEBUG_INFO = NO;
				MTL_FAST_MATH = YES;
				SDKROOT = iphoneos;
				SWIFT_COMPILATION_MODE = wholemodule;
				SWIFT_OPTIMIZATION_LEVEL = "-O";
				VALIDATE_PRODUCT = YES;
			};
			name = Release;
		};
		CA1C22F82459FF18000CE6F9 /* Debug */ = {
			isa = XCBuildConfiguration;
			buildSettings = {
				ASSETCATALOG_COMPILER_APPICON_NAME = AppIcon;
				CODE_SIGN_STYLE = Automatic;
				DEVELOPMENT_ASSET_PATHS = "\"P2B/Preview Content\"";
				DEVELOPMENT_TEAM = 7NZPBTA9R6;
				ENABLE_PREVIEWS = YES;
				INFOPLIST_FILE = P2B/Info.plist;
				LD_RUNPATH_SEARCH_PATHS = (
					"$(inherited)",
					"@executable_path/Frameworks",
				);
				PRODUCT_BUNDLE_IDENTIFIER = com.perekrist.P2B;
				PRODUCT_NAME = "$(TARGET_NAME)";
				SWIFT_VERSION = 5.0;
				TARGETED_DEVICE_FAMILY = "1,2";
			};
			name = Debug;
		};
		CA1C22F92459FF18000CE6F9 /* Release */ = {
			isa = XCBuildConfiguration;
			buildSettings = {
				ASSETCATALOG_COMPILER_APPICON_NAME = AppIcon;
				CODE_SIGN_STYLE = Automatic;
				DEVELOPMENT_ASSET_PATHS = "\"P2B/Preview Content\"";
				DEVELOPMENT_TEAM = 7NZPBTA9R6;
				ENABLE_PREVIEWS = YES;
				INFOPLIST_FILE = P2B/Info.plist;
				LD_RUNPATH_SEARCH_PATHS = (
					"$(inherited)",
					"@executable_path/Frameworks",
				);
				PRODUCT_BUNDLE_IDENTIFIER = com.perekrist.P2B;
				PRODUCT_NAME = "$(TARGET_NAME)";
				SWIFT_VERSION = 5.0;
				TARGETED_DEVICE_FAMILY = "1,2";
			};
			name = Release;
		};
/* End XCBuildConfiguration section */

/* Begin XCConfigurationList section */
		CA1C22DE2459FF11000CE6F9 /* Build configuration list for PBXProject "P2B" */ = {
			isa = XCConfigurationList;
			buildConfigurations = (
				CA1C22F52459FF18000CE6F9 /* Debug */,
				CA1C22F62459FF18000CE6F9 /* Release */,
			);
			defaultConfigurationIsVisible = 0;
			defaultConfigurationName = Release;
		};
		CA1C22F72459FF18000CE6F9 /* Build configuration list for PBXNativeTarget "P2B" */ = {
			isa = XCConfigurationList;
			buildConfigurations = (
				CA1C22F82459FF18000CE6F9 /* Debug */,
				CA1C22F92459FF18000CE6F9 /* Release */,
			);
			defaultConfigurationIsVisible = 0;
			defaultConfigurationName = Release;
		};
/* End XCConfigurationList section */
	};
	rootObject = CA1C22DB2459FF11000CE6F9 /* Project object */;
}
